// !$*UTF8*$!
{
	archiveVersion = 1;
	classes = {
	};
	objectVersion = 55;
	objects = {

/* Begin PBXBuildFile section */
		6841F22528FC3FEE00F56FCC /* 2775.swift in Sources */ = {isa = PBXBuildFile; fileRef = 6841F22428FC3CDC00F56FCC /* 2775.swift */; };
		68A680DB28FB30C400375625 /* 10250.swift in Sources */ = {isa = PBXBuildFile; fileRef = 68A680DA28FB2F9E00375625 /* 10250.swift */; };
		68C2850C290E3D67001DBC9E /* 2839.swift in Sources */ = {isa = PBXBuildFile; fileRef = 68C2850B290E3D67001DBC9E /* 2839.swift */; };
/* End PBXBuildFile section */

/* Begin PBXCopyFilesBuildPhase section */
		68B89F1C28D4E1B000EAA223 /* CopyFiles */ = {
			isa = PBXCopyFilesBuildPhase;
			buildActionMask = 2147483647;
			dstPath = /usr/share/man/man1/;
			dstSubfolderSpec = 0;
			files = (
			);
			runOnlyForDeploymentPostprocessing = 1;
		};
/* End PBXCopyFilesBuildPhase section */

/* Begin PBXFileReference section */
		6841F22428FC3CDC00F56FCC /* 2775.swift */ = {isa = PBXFileReference; lastKnownFileType = sourcecode.swift; path = 2775.swift; sourceTree = "<group>"; };
		68A680D228EB1E7400375625 /* 5622.swift */ = {isa = PBXFileReference; lastKnownFileType = sourcecode.swift; path = 5622.swift; sourceTree = "<group>"; };
		68A680D328EDC0EA00375625 /* 2941.swift */ = {isa = PBXFileReference; lastKnownFileType = sourcecode.swift; path = 2941.swift; sourceTree = "<group>"; };
		68A680D528EF182C00375625 /* 1316.swift */ = {isa = PBXFileReference; lastKnownFileType = sourcecode.swift; path = 1316.swift; sourceTree = "<group>"; };
		68A680D628F185AA00375625 /* 1712.swift */ = {isa = PBXFileReference; lastKnownFileType = sourcecode.swift; path = 1712.swift; sourceTree = "<group>"; };
		68A680D728F2F69300375625 /* 2292.swift */ = {isa = PBXFileReference; lastKnownFileType = sourcecode.swift; path = 2292.swift; sourceTree = "<group>"; };
		68A680D828F4560C00375625 /* 1193.swift */ = {isa = PBXFileReference; lastKnownFileType = sourcecode.swift; path = 1193.swift; sourceTree = "<group>"; };
		68A680D928FA7BDE00375625 /* 2869.swift */ = {isa = PBXFileReference; lastKnownFileType = sourcecode.swift; path = 2869.swift; sourceTree = "<group>"; };
		68A680DA28FB2F9E00375625 /* 10250.swift */ = {isa = PBXFileReference; lastKnownFileType = sourcecode.swift; path = 10250.swift; sourceTree = "<group>"; };
		68B89F1E28D4E1B000EAA223 /* CodingTest */ = {isa = PBXFileReference; explicitFileType = "compiled.mach-o.executable"; includeInIndex = 0; path = CodingTest; sourceTree = BUILT_PRODUCTS_DIR; };
		68B89F2128D4E1B000EAA223 /* example.swift */ = {isa = PBXFileReference; lastKnownFileType = sourcecode.swift; path = example.swift; sourceTree = "<group>"; };
		68B89F2828D4E31C00EAA223 /* 1330.swift */ = {isa = PBXFileReference; lastKnownFileType = sourcecode.swift; path = 1330.swift; sourceTree = "<group>"; };
		68B89F2D28D4E3EB00EAA223 /* 9498.swift */ = {isa = PBXFileReference; lastKnownFileType = sourcecode.swift; path = 9498.swift; sourceTree = "<group>"; };
		68B89F2F28D4E4DB00EAA223 /* 2753.swift */ = {isa = PBXFileReference; lastKnownFileType = sourcecode.swift; path = 2753.swift; sourceTree = "<group>"; };
		68B89F3128D4E6DC00EAA223 /* 14681.swift */ = {isa = PBXFileReference; lastKnownFileType = sourcecode.swift; path = 14681.swift; sourceTree = "<group>"; };
		68B89F3328D4E8B300EAA223 /* 2884.swift */ = {isa = PBXFileReference; lastKnownFileType = sourcecode.swift; path = 2884.swift; sourceTree = "<group>"; };
		68B89F3528D4EB7F00EAA223 /* CodingTest-Bridging-Header.h */ = {isa = PBXFileReference; lastKnownFileType = sourcecode.c.h; path = "CodingTest-Bridging-Header.h"; sourceTree = "<group>"; };
		68B89F3628D4EB8000EAA223 /* 2525.swift */ = {isa = PBXFileReference; lastKnownFileType = sourcecode.swift; path = 2525.swift; sourceTree = "<group>"; };
		68B89F3828D4F0EC00EAA223 /* 2480.swift */ = {isa = PBXFileReference; lastKnownFileType = sourcecode.swift; path = 2480.swift; sourceTree = "<group>"; };
		68C2850B290E3D67001DBC9E /* 2839.swift */ = {isa = PBXFileReference; lastKnownFileType = sourcecode.swift; path = 2839.swift; sourceTree = "<group>"; };
		68FA93D628DDEBFF00FBC63A /* 2739.swift */ = {isa = PBXFileReference; lastKnownFileType = sourcecode.swift; path = 2739.swift; sourceTree = "<group>"; };
		68FA93D828DDED4700FBC63A /* 10950.swift */ = {isa = PBXFileReference; lastKnownFileType = sourcecode.swift; path = 10950.swift; sourceTree = "<group>"; };
		68FA93DA28DDF06400FBC63A /* 8393.swift */ = {isa = PBXFileReference; lastKnownFileType = sourcecode.swift; path = 8393.swift; sourceTree = "<group>"; };
		68FA93DC28DDF1C100FBC63A /* 25304.swift */ = {isa = PBXFileReference; lastKnownFileType = sourcecode.swift; path = 25304.swift; sourceTree = "<group>"; };
		68FA93DE28DDF79B00FBC63A /* 15552.swift */ = {isa = PBXFileReference; lastKnownFileType = sourcecode.swift; path = 15552.swift; sourceTree = "<group>"; };
		68FA93E028DDF97C00FBC63A /* 11021.swift */ = {isa = PBXFileReference; lastKnownFileType = sourcecode.swift; path = 11021.swift; sourceTree = "<group>"; };
		68FA93E228DDFA5000FBC63A /* 11022.swift */ = {isa = PBXFileReference; lastKnownFileType = sourcecode.swift; path = 11022.swift; sourceTree = "<group>"; };
		68FA93E328DDFAA900FBC63A /* 2438.swift */ = {isa = PBXFileReference; lastKnownFileType = sourcecode.swift; path = 2438.swift; sourceTree = "<group>"; };
		68FA93E528DDFCA200FBC63A /* 2439.swift */ = {isa = PBXFileReference; lastKnownFileType = sourcecode.swift; path = 2439.swift; sourceTree = "<group>"; };
		68FA93E728DDFE6E00FBC63A /* 10871.swift */ = {isa = PBXFileReference; lastKnownFileType = sourcecode.swift; path = 10871.swift; sourceTree = "<group>"; };
		68FA93E928DDFFE600FBC63A /* 10952.swift */ = {isa = PBXFileReference; lastKnownFileType = sourcecode.swift; path = 10952.swift; sourceTree = "<group>"; };
		68FA93EB28DF0D7C00FBC63A /* 10951.swift */ = {isa = PBXFileReference; lastKnownFileType = sourcecode.swift; path = 10951.swift; sourceTree = "<group>"; };
		68FA93ED28DF0EF200FBC63A /* 1110.swift */ = {isa = PBXFileReference; lastKnownFileType = sourcecode.swift; path = 1110.swift; sourceTree = "<group>"; };
		68FA93EF28DF105D00FBC63A /* 10818.swift */ = {isa = PBXFileReference; lastKnownFileType = sourcecode.swift; path = 10818.swift; sourceTree = "<group>"; };
		68FA93F128DF11C200FBC63A /* 2562.swift */ = {isa = PBXFileReference; lastKnownFileType = sourcecode.swift; path = 2562.swift; sourceTree = "<group>"; };
		68FA93F328DF133D00FBC63A /* 3052.swift */ = {isa = PBXFileReference; lastKnownFileType = sourcecode.swift; path = 3052.swift; sourceTree = "<group>"; };
		68FA93F528DF16DB00FBC63A /* 1546.swift */ = {isa = PBXFileReference; lastKnownFileType = sourcecode.swift; path = 1546.swift; sourceTree = "<group>"; };
		68FA93F728DF1A4500FBC63A /* 8958.swift */ = {isa = PBXFileReference; lastKnownFileType = sourcecode.swift; path = 8958.swift; sourceTree = "<group>"; };
		68FA93F928DF1C4800FBC63A /* 4344.swift */ = {isa = PBXFileReference; lastKnownFileType = sourcecode.swift; path = 4344.swift; sourceTree = "<group>"; };
		68FA93FB28DF3FCF00FBC63A /* 4673.swift */ = {isa = PBXFileReference; lastKnownFileType = sourcecode.swift; path = 4673.swift; sourceTree = "<group>"; };
		68FA93FD28DF42CB00FBC63A /* 1065.swift */ = {isa = PBXFileReference; lastKnownFileType = sourcecode.swift; path = 1065.swift; sourceTree = "<group>"; };
		68FA93FF28DF43FF00FBC63A /* 11654.swift */ = {isa = PBXFileReference; lastKnownFileType = sourcecode.swift; path = 11654.swift; sourceTree = "<group>"; };
		68FA940128DF44C100FBC63A /* 11720.swift */ = {isa = PBXFileReference; lastKnownFileType = sourcecode.swift; path = 11720.swift; sourceTree = "<group>"; };
		68FA940328DF45FB00FBC63A /* 10809.swift */ = {isa = PBXFileReference; lastKnownFileType = sourcecode.swift; path = 10809.swift; sourceTree = "<group>"; };
		68FA940528DF48AB00FBC63A /* 2675.swift */ = {isa = PBXFileReference; lastKnownFileType = sourcecode.swift; path = 2675.swift; sourceTree = "<group>"; };
		68FA940728E9D12200FBC63A /* 1157.swift */ = {isa = PBXFileReference; lastKnownFileType = sourcecode.swift; path = 1157.swift; sourceTree = "<group>"; };
		68FA940928E9D3F300FBC63A /* 1152.swift */ = {isa = PBXFileReference; lastKnownFileType = sourcecode.swift; path = 1152.swift; sourceTree = "<group>"; };
		68FA940B28E9D4EC00FBC63A /* 2908.swift */ = {isa = PBXFileReference; lastKnownFileType = sourcecode.swift; path = 2908.swift; sourceTree = "<group>"; };
/* End PBXFileReference section */

/* Begin PBXFrameworksBuildPhase section */
		68B89F1B28D4E1B000EAA223 /* Frameworks */ = {
			isa = PBXFrameworksBuildPhase;
			buildActionMask = 2147483647;
			files = (
			);
			runOnlyForDeploymentPostprocessing = 0;
		};
/* End PBXFrameworksBuildPhase section */

/* Begin PBXGroup section */
		68B89F1528D4E1B000EAA223 = {
			isa = PBXGroup;
			children = (
				68B89F2028D4E1B000EAA223 /* BOJ */,
				68B89F1F28D4E1B000EAA223 /* Products */,
			);
			sourceTree = "<group>";
		};
		68B89F1F28D4E1B000EAA223 /* Products */ = {
			isa = PBXGroup;
			children = (
				68B89F1E28D4E1B000EAA223 /* CodingTest */,
			);
			name = Products;
			sourceTree = "<group>";
		};
		68B89F2028D4E1B000EAA223 /* BOJ */ = {
			isa = PBXGroup;
			children = (
				68B89F2128D4E1B000EAA223 /* example.swift */,
				68B89F2828D4E31C00EAA223 /* 1330.swift */,
				68B89F2D28D4E3EB00EAA223 /* 9498.swift */,
				68B89F2F28D4E4DB00EAA223 /* 2753.swift */,
				68B89F3128D4E6DC00EAA223 /* 14681.swift */,
				68B89F3328D4E8B300EAA223 /* 2884.swift */,
				68B89F3628D4EB8000EAA223 /* 2525.swift */,
				68B89F3828D4F0EC00EAA223 /* 2480.swift */,
				68FA93D628DDEBFF00FBC63A /* 2739.swift */,
				68FA93D828DDED4700FBC63A /* 10950.swift */,
				68FA93DA28DDF06400FBC63A /* 8393.swift */,
				68FA93DC28DDF1C100FBC63A /* 25304.swift */,
				68FA93DE28DDF79B00FBC63A /* 15552.swift */,
				68FA93E028DDF97C00FBC63A /* 11021.swift */,
				68FA93E228DDFA5000FBC63A /* 11022.swift */,
				68FA93E328DDFAA900FBC63A /* 2438.swift */,
				68FA93E528DDFCA200FBC63A /* 2439.swift */,
				68FA93E728DDFE6E00FBC63A /* 10871.swift */,
				68FA93E928DDFFE600FBC63A /* 10952.swift */,
				68FA93EB28DF0D7C00FBC63A /* 10951.swift */,
				68FA93ED28DF0EF200FBC63A /* 1110.swift */,
				68FA93EF28DF105D00FBC63A /* 10818.swift */,
				68FA93F128DF11C200FBC63A /* 2562.swift */,
				68FA93F328DF133D00FBC63A /* 3052.swift */,
				68FA93F528DF16DB00FBC63A /* 1546.swift */,
				68FA93F728DF1A4500FBC63A /* 8958.swift */,
				68FA93F928DF1C4800FBC63A /* 4344.swift */,
				68FA93FB28DF3FCF00FBC63A /* 4673.swift */,
				68FA93FD28DF42CB00FBC63A /* 1065.swift */,
				68FA93FF28DF43FF00FBC63A /* 11654.swift */,
				68FA940128DF44C100FBC63A /* 11720.swift */,
				68FA940328DF45FB00FBC63A /* 10809.swift */,
				68FA940528DF48AB00FBC63A /* 2675.swift */,
				68FA940728E9D12200FBC63A /* 1157.swift */,
				68FA940928E9D3F300FBC63A /* 1152.swift */,
				68FA940B28E9D4EC00FBC63A /* 2908.swift */,
				68A680D228EB1E7400375625 /* 5622.swift */,
				68A680D328EDC0EA00375625 /* 2941.swift */,
				68A680D528EF182C00375625 /* 1316.swift */,
				68A680D628F185AA00375625 /* 1712.swift */,
				68A680D728F2F69300375625 /* 2292.swift */,
				68A680D828F4560C00375625 /* 1193.swift */,
				68A680D928FA7BDE00375625 /* 2869.swift */,
				68A680DA28FB2F9E00375625 /* 10250.swift */,
				6841F22428FC3CDC00F56FCC /* 2775.swift */,
				68C2850B290E3D67001DBC9E /* 2839.swift */,
				68B89F3528D4EB7F00EAA223 /* CodingTest-Bridging-Header.h */,
			);
			path = BOJ;
			sourceTree = "<group>";
		};
/* End PBXGroup section */

/* Begin PBXNativeTarget section */
		68B89F1D28D4E1B000EAA223 /* CodingTest */ = {
			isa = PBXNativeTarget;
			buildConfigurationList = 68B89F2528D4E1B000EAA223 /* Build configuration list for PBXNativeTarget "CodingTest" */;
			buildPhases = (
				68B89F1A28D4E1B000EAA223 /* Sources */,
				68B89F1B28D4E1B000EAA223 /* Frameworks */,
				68B89F1C28D4E1B000EAA223 /* CopyFiles */,
			);
			buildRules = (
			);
			dependencies = (
			);
			name = CodingTest;
			productName = backJoon;
			productReference = 68B89F1E28D4E1B000EAA223 /* CodingTest */;
			productType = "com.apple.product-type.tool";
		};
/* End PBXNativeTarget section */

/* Begin PBXProject section */
		68B89F1628D4E1B000EAA223 /* Project object */ = {
			isa = PBXProject;
			attributes = {
				BuildIndependentTargetsInParallel = 1;
				LastSwiftUpdateCheck = 1340;
				LastUpgradeCheck = 1340;
				TargetAttributes = {
					68B89F1D28D4E1B000EAA223 = {
						CreatedOnToolsVersion = 13.4.1;
						LastSwiftMigration = 1340;
					};
				};
			};
			buildConfigurationList = 68B89F1928D4E1B000EAA223 /* Build configuration list for PBXProject "CodingTest" */;
			compatibilityVersion = "Xcode 13.0";
			developmentRegion = en;
			hasScannedForEncodings = 0;
			knownRegions = (
				en,
				Base,
			);
			mainGroup = 68B89F1528D4E1B000EAA223;
			productRefGroup = 68B89F1F28D4E1B000EAA223 /* Products */;
			projectDirPath = "";
			projectRoot = "";
			targets = (
				68B89F1D28D4E1B000EAA223 /* CodingTest */,
			);
		};
/* End PBXProject section */

/* Begin PBXSourcesBuildPhase section */
		68B89F1A28D4E1B000EAA223 /* Sources */ = {
			isa = PBXSourcesBuildPhase;
			buildActionMask = 2147483647;
			files = (
				68C2850C290E3D67001DBC9E /* 2839.swift in Sources */,
				6841F22528FC3FEE00F56FCC /* 2775.swift in Sources */,
				68A680DB28FB30C400375625 /* 10250.swift in Sources */,
			);
			runOnlyForDeploymentPostprocessing = 0;
		};
/* End PBXSourcesBuildPhase section */

/* Begin XCBuildConfiguration section */
		68B89F2328D4E1B000EAA223 /* Debug */ = {
			isa = XCBuildConfiguration;
			buildSettings = {
				ALWAYS_SEARCH_USER_PATHS = NO;
				CLANG_ANALYZER_NONNULL = YES;
				CLANG_ANALYZER_NUMBER_OBJECT_CONVERSION = YES_AGGRESSIVE;
				CLANG_CXX_LANGUAGE_STANDARD = "gnu++17";
				CLANG_ENABLE_MODULES = YES;
				CLANG_ENABLE_OBJC_ARC = YES;
				CLANG_ENABLE_OBJC_WEAK = YES;
				CLANG_WARN_BLOCK_CAPTURE_AUTORELEASING = YES;
				CLANG_WARN_BOOL_CONVERSION = YES;
				CLANG_WARN_COMMA = YES;
				CLANG_WARN_CONSTANT_CONVERSION = YES;
				CLANG_WARN_DEPRECATED_OBJC_IMPLEMENTATIONS = YES;
				CLANG_WARN_DIRECT_OBJC_ISA_USAGE = YES_ERROR;
				CLANG_WARN_DOCUMENTATION_COMMENTS = YES;
				CLANG_WARN_EMPTY_BODY = YES;
				CLANG_WARN_ENUM_CONVERSION = YES;
				CLANG_WARN_INFINITE_RECURSION = YES;
				CLANG_WARN_INT_CONVERSION = YES;
				CLANG_WARN_NON_LITERAL_NULL_CONVERSION = YES;
				CLANG_WARN_OBJC_IMPLICIT_RETAIN_SELF = YES;
				CLANG_WARN_OBJC_LITERAL_CONVERSION = YES;
				CLANG_WARN_OBJC_ROOT_CLASS = YES_ERROR;
				CLANG_WARN_QUOTED_INCLUDE_IN_FRAMEWORK_HEADER = YES;
				CLANG_WARN_RANGE_LOOP_ANALYSIS = YES;
				CLANG_WARN_STRICT_PROTOTYPES = YES;
				CLANG_WARN_SUSPICIOUS_MOVE = YES;
				CLANG_WARN_UNGUARDED_AVAILABILITY = YES_AGGRESSIVE;
				CLANG_WARN_UNREACHABLE_CODE = YES;
				CLANG_WARN__DUPLICATE_METHOD_MATCH = YES;
				COPY_PHASE_STRIP = NO;
				DEBUG_INFORMATION_FORMAT = dwarf;
				ENABLE_STRICT_OBJC_MSGSEND = YES;
				ENABLE_TESTABILITY = YES;
				GCC_C_LANGUAGE_STANDARD = gnu11;
				GCC_DYNAMIC_NO_PIC = NO;
				GCC_NO_COMMON_BLOCKS = YES;
				GCC_OPTIMIZATION_LEVEL = 0;
				GCC_PREPROCESSOR_DEFINITIONS = (
					"DEBUG=1",
					"$(inherited)",
				);
				GCC_WARN_64_TO_32_BIT_CONVERSION = YES;
				GCC_WARN_ABOUT_RETURN_TYPE = YES_ERROR;
				GCC_WARN_UNDECLARED_SELECTOR = YES;
				GCC_WARN_UNINITIALIZED_AUTOS = YES_AGGRESSIVE;
				GCC_WARN_UNUSED_FUNCTION = YES;
				GCC_WARN_UNUSED_VARIABLE = YES;
				MACOSX_DEPLOYMENT_TARGET = 12.3;
				MTL_ENABLE_DEBUG_INFO = INCLUDE_SOURCE;
				MTL_FAST_MATH = YES;
				ONLY_ACTIVE_ARCH = YES;
				SDKROOT = macosx;
				SWIFT_ACTIVE_COMPILATION_CONDITIONS = DEBUG;
				SWIFT_OPTIMIZATION_LEVEL = "-Onone";
			};
			name = Debug;
		};
		68B89F2428D4E1B000EAA223 /* Release */ = {
			isa = XCBuildConfiguration;
			buildSettings = {
				ALWAYS_SEARCH_USER_PATHS = NO;
				CLANG_ANALYZER_NONNULL = YES;
				CLANG_ANALYZER_NUMBER_OBJECT_CONVERSION = YES_AGGRESSIVE;
				CLANG_CXX_LANGUAGE_STANDARD = "gnu++17";
				CLANG_ENABLE_MODULES = YES;
				CLANG_ENABLE_OBJC_ARC = YES;
				CLANG_ENABLE_OBJC_WEAK = YES;
				CLANG_WARN_BLOCK_CAPTURE_AUTORELEASING = YES;
				CLANG_WARN_BOOL_CONVERSION = YES;
				CLANG_WARN_COMMA = YES;
				CLANG_WARN_CONSTANT_CONVERSION = YES;
				CLANG_WARN_DEPRECATED_OBJC_IMPLEMENTATIONS = YES;
				CLANG_WARN_DIRECT_OBJC_ISA_USAGE = YES_ERROR;
				CLANG_WARN_DOCUMENTATION_COMMENTS = YES;
				CLANG_WARN_EMPTY_BODY = YES;
				CLANG_WARN_ENUM_CONVERSION = YES;
				CLANG_WARN_INFINITE_RECURSION = YES;
				CLANG_WARN_INT_CONVERSION = YES;
				CLANG_WARN_NON_LITERAL_NULL_CONVERSION = YES;
				CLANG_WARN_OBJC_IMPLICIT_RETAIN_SELF = YES;
				CLANG_WARN_OBJC_LITERAL_CONVERSION = YES;
				CLANG_WARN_OBJC_ROOT_CLASS = YES_ERROR;
				CLANG_WARN_QUOTED_INCLUDE_IN_FRAMEWORK_HEADER = YES;
				CLANG_WARN_RANGE_LOOP_ANALYSIS = YES;
				CLANG_WARN_STRICT_PROTOTYPES = YES;
				CLANG_WARN_SUSPICIOUS_MOVE = YES;
				CLANG_WARN_UNGUARDED_AVAILABILITY = YES_AGGRESSIVE;
				CLANG_WARN_UNREACHABLE_CODE = YES;
				CLANG_WARN__DUPLICATE_METHOD_MATCH = YES;
				COPY_PHASE_STRIP = NO;
				DEBUG_INFORMATION_FORMAT = "dwarf-with-dsym";
				ENABLE_NS_ASSERTIONS = NO;
				ENABLE_STRICT_OBJC_MSGSEND = YES;
				GCC_C_LANGUAGE_STANDARD = gnu11;
				GCC_NO_COMMON_BLOCKS = YES;
				GCC_WARN_64_TO_32_BIT_CONVERSION = YES;
				GCC_WARN_ABOUT_RETURN_TYPE = YES_ERROR;
				GCC_WARN_UNDECLARED_SELECTOR = YES;
				GCC_WARN_UNINITIALIZED_AUTOS = YES_AGGRESSIVE;
				GCC_WARN_UNUSED_FUNCTION = YES;
				GCC_WARN_UNUSED_VARIABLE = YES;
				MACOSX_DEPLOYMENT_TARGET = 12.3;
				MTL_ENABLE_DEBUG_INFO = NO;
				MTL_FAST_MATH = YES;
				SDKROOT = macosx;
				SWIFT_COMPILATION_MODE = wholemodule;
				SWIFT_OPTIMIZATION_LEVEL = "-O";
			};
			name = Release;
		};
		68B89F2628D4E1B000EAA223 /* Debug */ = {
			isa = XCBuildConfiguration;
			buildSettings = {
				CLANG_ENABLE_MODULES = YES;
				CODE_SIGN_STYLE = Automatic;
				DEVELOPMENT_TEAM = UCK3286RDQ;
				ENABLE_HARDENED_RUNTIME = YES;
				LD_RUNPATH_SEARCH_PATHS = (
					"$(inherited)",
					"@executable_path/../Frameworks",
					"@loader_path/../Frameworks",
				);
				PRODUCT_NAME = "$(TARGET_NAME)";
				SWIFT_OBJC_BRIDGING_HEADER = "BOJ/CodingTest-Bridging-Header.h";
				SWIFT_OPTIMIZATION_LEVEL = "-Onone";
				SWIFT_VERSION = 5.0;
			};
			name = Debug;
		};
		68B89F2728D4E1B000EAA223 /* Release */ = {
			isa = XCBuildConfiguration;
			buildSettings = {
				CLANG_ENABLE_MODULES = YES;
				CODE_SIGN_STYLE = Automatic;
				DEVELOPMENT_TEAM = UCK3286RDQ;
				ENABLE_HARDENED_RUNTIME = YES;
				LD_RUNPATH_SEARCH_PATHS = (
					"$(inherited)",
					"@executable_path/../Frameworks",
					"@loader_path/../Frameworks",
				);
				PRODUCT_NAME = "$(TARGET_NAME)";
				SWIFT_OBJC_BRIDGING_HEADER = "BOJ/CodingTest-Bridging-Header.h";
				SWIFT_VERSION = 5.0;
			};
			name = Release;
		};
/* End XCBuildConfiguration section */

/* Begin XCConfigurationList section */
		68B89F1928D4E1B000EAA223 /* Build configuration list for PBXProject "CodingTest" */ = {
			isa = XCConfigurationList;
			buildConfigurations = (
				68B89F2328D4E1B000EAA223 /* Debug */,
				68B89F2428D4E1B000EAA223 /* Release */,
			);
			defaultConfigurationIsVisible = 0;
			defaultConfigurationName = Release;
		};
		68B89F2528D4E1B000EAA223 /* Build configuration list for PBXNativeTarget "CodingTest" */ = {
			isa = XCConfigurationList;
			buildConfigurations = (
				68B89F2628D4E1B000EAA223 /* Debug */,
				68B89F2728D4E1B000EAA223 /* Release */,
			);
			defaultConfigurationIsVisible = 0;
			defaultConfigurationName = Release;
		};
/* End XCConfigurationList section */
	};
	rootObject = 68B89F1628D4E1B000EAA223 /* Project object */;
}
